
Microsoft Visual Studio Solution File, Format Version 12.00
Project("{FAE04EC0-301F-11D3-BF4B-00C04F79EFBC}") = "Day1", "Day1\Day1.csproj", "{C4CB8998-07DC-487F-8657-C6BFDBC474A5}"
EndProject
Project("{FAE04EC0-301F-11D3-BF4B-00C04F79EFBC}") = "Day2", "Day2\Day2.csproj", "{66967F74-0670-4443-A595-45B24E34F942}"
EndProject
Project("{FAE04EC0-301F-11D3-BF4B-00C04F79EFBC}") = "Day3", "Day3\Day3.csproj", "{EBAEF4A4-DD1B-4CED-944C-4F7409E19454}"
EndProject
Project("{FAE04EC0-301F-11D3-BF4B-00C04F79EFBC}") = "Day4", "Day4\Day4.csproj", "{17B170CF-2875-43D1-A9C6-41EA0AB1685D}"
EndProject
Project("{FAE04EC0-301F-11D3-BF4B-00C04F79EFBC}") = "Day5", "Day5\Day5.csproj", "{0B9ECAE8-B2EC-48D2-896E-3481B07FBDC9}"
EndProject
Project("{FAE04EC0-301F-11D3-BF4B-00C04F79EFBC}") = "Day6", "Day6\Day6.csproj", "{4A1A33C7-FD86-42D1-BA03-B6B88F347810}"
EndProject
Project("{FAE04EC0-301F-11D3-BF4B-00C04F79EFBC}") = "Day7", "Day7\Day7.csproj", "{32D01C44-77DF-42B2-838F-03E0AC596027}"
EndProject
Global
	GlobalSection(SolutionConfigurationPlatforms) = preSolution
		Debug|Any CPU = Debug|Any CPU
		Release|Any CPU = Release|Any CPU
	EndGlobalSection
	GlobalSection(ProjectConfigurationPlatforms) = postSolution
		{C4CB8998-07DC-487F-8657-C6BFDBC474A5}.Debug|Any CPU.ActiveCfg = Debug|Any CPU
		{C4CB8998-07DC-487F-8657-C6BFDBC474A5}.Debug|Any CPU.Build.0 = Debug|Any CPU
		{C4CB8998-07DC-487F-8657-C6BFDBC474A5}.Release|Any CPU.ActiveCfg = Release|Any CPU
		{C4CB8998-07DC-487F-8657-C6BFDBC474A5}.Release|Any CPU.Build.0 = Release|Any CPU
		{66967F74-0670-4443-A595-45B24E34F942}.Debug|Any CPU.ActiveCfg = Debug|Any CPU
		{66967F74-0670-4443-A595-45B24E34F942}.Debug|Any CPU.Build.0 = Debug|Any CPU
		{66967F74-0670-4443-A595-45B24E34F942}.Release|Any CPU.ActiveCfg = Release|Any CPU
		{66967F74-0670-4443-A595-45B24E34F942}.Release|Any CPU.Build.0 = Release|Any CPU
		{EBAEF4A4-DD1B-4CED-944C-4F7409E19454}.Debug|Any CPU.ActiveCfg = Debug|Any CPU
		{EBAEF4A4-DD1B-4CED-944C-4F7409E19454}.Debug|Any CPU.Build.0 = Debug|Any CPU
		{EBAEF4A4-DD1B-4CED-944C-4F7409E19454}.Release|Any CPU.ActiveCfg = Release|Any CPU
		{EBAEF4A4-DD1B-4CED-944C-4F7409E19454}.Release|Any CPU.Build.0 = Release|Any CPU
		{17B170CF-2875-43D1-A9C6-41EA0AB1685D}.Debug|Any CPU.ActiveCfg = Debug|Any CPU
		{17B170CF-2875-43D1-A9C6-41EA0AB1685D}.Debug|Any CPU.Build.0 = Debug|Any CPU
		{17B170CF-2875-43D1-A9C6-41EA0AB1685D}.Release|Any CPU.ActiveCfg = Release|Any CPU
		{17B170CF-2875-43D1-A9C6-41EA0AB1685D}.Release|Any CPU.Build.0 = Release|Any CPU
		{0B9ECAE8-B2EC-48D2-896E-3481B07FBDC9}.Debug|Any CPU.ActiveCfg = Debug|Any CPU
		{0B9ECAE8-B2EC-48D2-896E-3481B07FBDC9}.Debug|Any CPU.Build.0 = Debug|Any CPU
		{0B9ECAE8-B2EC-48D2-896E-3481B07FBDC9}.Release|Any CPU.ActiveCfg = Release|Any CPU
		{0B9ECAE8-B2EC-48D2-896E-3481B07FBDC9}.Release|Any CPU.Build.0 = Release|Any CPU
		{4A1A33C7-FD86-42D1-BA03-B6B88F347810}.Debug|Any CPU.ActiveCfg = Debug|Any CPU
		{4A1A33C7-FD86-42D1-BA03-B6B88F347810}.Debug|Any CPU.Build.0 = Debug|Any CPU
		{4A1A33C7-FD86-42D1-BA03-B6B88F347810}.Release|Any CPU.ActiveCfg = Release|Any CPU
		{4A1A33C7-FD86-42D1-BA03-B6B88F347810}.Release|Any CPU.Build.0 = Release|Any CPU
		{32D01C44-77DF-42B2-838F-03E0AC596027}.Debug|Any CPU.ActiveCfg = Debug|Any CPU
		{32D01C44-77DF-42B2-838F-03E0AC596027}.Debug|Any CPU.Build.0 = Debug|Any CPU
		{32D01C44-77DF-42B2-838F-03E0AC596027}.Release|Any CPU.ActiveCfg = Release|Any CPU
		{32D01C44-77DF-42B2-838F-03E0AC596027}.Release|Any CPU.Build.0 = Release|Any CPU
	EndGlobalSection
EndGlobal
