
Microsoft Visual Studio Solution File, Format Version 12.00
#
Project("{FAE04EC0-301F-11D3-BF4B-00C04F79EFBC}") = "Day1", "Day1\Day1.csproj", "{C4CB8998-07DC-487F-8657-C6BFDBC474A5}"
EndProject
Project("{FAE04EC0-301F-11D3-BF4B-00C04F79EFBC}") = "Day2", "Day2\Day2.csproj", "{66967F74-0670-4443-A595-45B24E34F942}"
EndProject
Project("{FAE04EC0-301F-11D3-BF4B-00C04F79EFBC}") = "Day3", "Day3\Day3.csproj", "{EBAEF4A4-DD1B-4CED-944C-4F7409E19454}"
EndProject
Project("{FAE04EC0-301F-11D3-BF4B-00C04F79EFBC}") = "Day4", "Day4\Day4.csproj", "{17B170CF-2875-43D1-A9C6-41EA0AB1685D}"
EndProject
Project("{FAE04EC0-301F-11D3-BF4B-00C04F79EFBC}") = "Day5", "Day5\Day5.csproj", "{0B9ECAE8-B2EC-48D2-896E-3481B07FBDC9}"
EndProject
Project("{FAE04EC0-301F-11D3-BF4B-00C04F79EFBC}") = "Day6", "Day6\Day6.csproj", "{4A1A33C7-FD86-42D1-BA03-B6B88F347810}"
EndProject
Project("{FAE04EC0-301F-11D3-BF4B-00C04F79EFBC}") = "Day7", "Day7\Day7.csproj", "{32D01C44-77DF-42B2-838F-03E0AC596027}"
EndProject
Project("{FAE04EC0-301F-11D3-BF4B-00C04F79EFBC}") = "Day8", "Day8\Day8.csproj", "{9CE8D254-CB7D-4BD8-994C-60F9C5FAF5CE}"
EndProject
Project("{FAE04EC0-301F-11D3-BF4B-00C04F79EFBC}") = "Day9", "Day9\Day9.csproj", "{8DC99CAF-1B6D-47F3-A76D-7072A26E3853}"
EndProject
Project("{FAE04EC0-301F-11D3-BF4B-00C04F79EFBC}") = "Day10", "Day10\Day10.csproj", "{86BDDABD-DEA5-4597-A91C-73143EC5EAF3}"
EndProject
Project("{FAE04EC0-301F-11D3-BF4B-00C04F79EFBC}") = "Day11", "Day11\Day11.csproj", "{EC0D3908-801B-49F2-B0A8-20D41E057988}"
EndProject
Project("{FAE04EC0-301F-11D3-BF4B-00C04F79EFBC}") = "Day12", "Day12\Day12.csproj", "{0A76A330-7C90-46F0-8094-BBC8B96279B4}"
EndProject
Project("{FAE04EC0-301F-11D3-BF4B-00C04F79EFBC}") = "Day13", "Day13\Day13.csproj", "{98E07361-04D2-4C90-871A-BD074BFD7B51}"
EndProject
Project("{FAE04EC0-301F-11D3-BF4B-00C04F79EFBC}") = "Day14", "Day14\Day14.csproj", "{A0815C29-EC29-4699-AD72-6E5AC5B63966}"
EndProject
Project("{FAE04EC0-301F-11D3-BF4B-00C04F79EFBC}") = "Day15", "Day15\Day15.csproj", "{DF162238-F742-4E5F-90D7-77680943BE38}"
EndProject
Project("{FAE04EC0-301F-11D3-BF4B-00C04F79EFBC}") = "Day16", "Day16\Day16.csproj", "{A0F2BF4A-962F-454D-8533-DE4C5D06D43E}"
EndProject
Project("{FAE04EC0-301F-11D3-BF4B-00C04F79EFBC}") = "Day17", "Day17\Day17.csproj", "{5FC6A689-8447-49C1-9EED-B5CD01378ABC}"
EndProject
Project("{FAE04EC0-301F-11D3-BF4B-00C04F79EFBC}") = "Day18", "Day18\Day18.csproj", "{BAF3C37B-37E6-4E5D-8128-86745FA2C831}"
EndProject
Project("{FAE04EC0-301F-11D3-BF4B-00C04F79EFBC}") = "Day19", "Day19\Day19.csproj", "{78054985-9A0F-4925-BBA4-2E6466C459A7}"
EndProject
Project("{FAE04EC0-301F-11D3-BF4B-00C04F79EFBC}") = "Day20", "Day20\Day20.csproj", "{F66C9FF7-8584-4BC8-B403-9CC2BF1D7DE0}"
EndProject
Project("{FAE04EC0-301F-11D3-BF4B-00C04F79EFBC}") = "Day21", "Day21\Day21.csproj", "{A1A4736A-E17B-4B2F-9A71-14B0FB944F57}"
EndProject
Project("{FAE04EC0-301F-11D3-BF4B-00C04F79EFBC}") = "Day22", "Day22\Day22.csproj", "{8234BA9C-47F5-471D-849E-D7FFF0723D70}"
EndProject
Global
	GlobalSection(SolutionConfigurationPlatforms) = preSolution
		Debug|Any CPU = Debug|Any CPU
		Release|Any CPU = Release|Any CPU
	EndGlobalSection
	GlobalSection(ProjectConfigurationPlatforms) = postSolution
		{C4CB8998-07DC-487F-8657-C6BFDBC474A5}.Debug|Any CPU.ActiveCfg = Debug|Any CPU
		{C4CB8998-07DC-487F-8657-C6BFDBC474A5}.Debug|Any CPU.Build.0 = Debug|Any CPU
		{C4CB8998-07DC-487F-8657-C6BFDBC474A5}.Release|Any CPU.ActiveCfg = Release|Any CPU
		{C4CB8998-07DC-487F-8657-C6BFDBC474A5}.Release|Any CPU.Build.0 = Release|Any CPU
		{66967F74-0670-4443-A595-45B24E34F942}.Debug|Any CPU.ActiveCfg = Debug|Any CPU
		{66967F74-0670-4443-A595-45B24E34F942}.Debug|Any CPU.Build.0 = Debug|Any CPU
		{66967F74-0670-4443-A595-45B24E34F942}.Release|Any CPU.ActiveCfg = Release|Any CPU
		{66967F74-0670-4443-A595-45B24E34F942}.Release|Any CPU.Build.0 = Release|Any CPU
		{EBAEF4A4-DD1B-4CED-944C-4F7409E19454}.Debug|Any CPU.ActiveCfg = Debug|Any CPU
		{EBAEF4A4-DD1B-4CED-944C-4F7409E19454}.Debug|Any CPU.Build.0 = Debug|Any CPU
		{EBAEF4A4-DD1B-4CED-944C-4F7409E19454}.Release|Any CPU.ActiveCfg = Release|Any CPU
		{EBAEF4A4-DD1B-4CED-944C-4F7409E19454}.Release|Any CPU.Build.0 = Release|Any CPU
		{17B170CF-2875-43D1-A9C6-41EA0AB1685D}.Debug|Any CPU.ActiveCfg = Debug|Any CPU
		{17B170CF-2875-43D1-A9C6-41EA0AB1685D}.Debug|Any CPU.Build.0 = Debug|Any CPU
		{17B170CF-2875-43D1-A9C6-41EA0AB1685D}.Release|Any CPU.ActiveCfg = Release|Any CPU
		{17B170CF-2875-43D1-A9C6-41EA0AB1685D}.Release|Any CPU.Build.0 = Release|Any CPU
		{0B9ECAE8-B2EC-48D2-896E-3481B07FBDC9}.Debug|Any CPU.ActiveCfg = Debug|Any CPU
		{0B9ECAE8-B2EC-48D2-896E-3481B07FBDC9}.Debug|Any CPU.Build.0 = Debug|Any CPU
		{0B9ECAE8-B2EC-48D2-896E-3481B07FBDC9}.Release|Any CPU.ActiveCfg = Release|Any CPU
		{0B9ECAE8-B2EC-48D2-896E-3481B07FBDC9}.Release|Any CPU.Build.0 = Release|Any CPU
		{4A1A33C7-FD86-42D1-BA03-B6B88F347810}.Debug|Any CPU.ActiveCfg = Debug|Any CPU
		{4A1A33C7-FD86-42D1-BA03-B6B88F347810}.Debug|Any CPU.Build.0 = Debug|Any CPU
		{4A1A33C7-FD86-42D1-BA03-B6B88F347810}.Release|Any CPU.ActiveCfg = Release|Any CPU
		{4A1A33C7-FD86-42D1-BA03-B6B88F347810}.Release|Any CPU.Build.0 = Release|Any CPU
		{32D01C44-77DF-42B2-838F-03E0AC596027}.Debug|Any CPU.ActiveCfg = Debug|Any CPU
		{32D01C44-77DF-42B2-838F-03E0AC596027}.Debug|Any CPU.Build.0 = Debug|Any CPU
		{32D01C44-77DF-42B2-838F-03E0AC596027}.Release|Any CPU.ActiveCfg = Release|Any CPU
		{32D01C44-77DF-42B2-838F-03E0AC596027}.Release|Any CPU.Build.0 = Release|Any CPU
		{9CE8D254-CB7D-4BD8-994C-60F9C5FAF5CE}.Debug|Any CPU.ActiveCfg = Debug|Any CPU
		{9CE8D254-CB7D-4BD8-994C-60F9C5FAF5CE}.Debug|Any CPU.Build.0 = Debug|Any CPU
		{9CE8D254-CB7D-4BD8-994C-60F9C5FAF5CE}.Release|Any CPU.ActiveCfg = Release|Any CPU
		{9CE8D254-CB7D-4BD8-994C-60F9C5FAF5CE}.Release|Any CPU.Build.0 = Release|Any CPU
		{8DC99CAF-1B6D-47F3-A76D-7072A26E3853}.Debug|Any CPU.ActiveCfg = Debug|Any CPU
		{8DC99CAF-1B6D-47F3-A76D-7072A26E3853}.Debug|Any CPU.Build.0 = Debug|Any CPU
		{8DC99CAF-1B6D-47F3-A76D-7072A26E3853}.Release|Any CPU.ActiveCfg = Release|Any CPU
		{8DC99CAF-1B6D-47F3-A76D-7072A26E3853}.Release|Any CPU.Build.0 = Release|Any CPU
		{86BDDABD-DEA5-4597-A91C-73143EC5EAF3}.Debug|Any CPU.ActiveCfg = Debug|Any CPU
		{86BDDABD-DEA5-4597-A91C-73143EC5EAF3}.Debug|Any CPU.Build.0 = Debug|Any CPU
		{86BDDABD-DEA5-4597-A91C-73143EC5EAF3}.Release|Any CPU.ActiveCfg = Release|Any CPU
		{86BDDABD-DEA5-4597-A91C-73143EC5EAF3}.Release|Any CPU.Build.0 = Release|Any CPU
		{EC0D3908-801B-49F2-B0A8-20D41E057988}.Debug|Any CPU.ActiveCfg = Debug|Any CPU
		{EC0D3908-801B-49F2-B0A8-20D41E057988}.Debug|Any CPU.Build.0 = Debug|Any CPU
		{EC0D3908-801B-49F2-B0A8-20D41E057988}.Release|Any CPU.ActiveCfg = Release|Any CPU
		{EC0D3908-801B-49F2-B0A8-20D41E057988}.Release|Any CPU.Build.0 = Release|Any CPU
		{0A76A330-7C90-46F0-8094-BBC8B96279B4}.Debug|Any CPU.ActiveCfg = Debug|Any CPU
		{0A76A330-7C90-46F0-8094-BBC8B96279B4}.Debug|Any CPU.Build.0 = Debug|Any CPU
		{0A76A330-7C90-46F0-8094-BBC8B96279B4}.Release|Any CPU.ActiveCfg = Release|Any CPU
		{0A76A330-7C90-46F0-8094-BBC8B96279B4}.Release|Any CPU.Build.0 = Release|Any CPU
		{98E07361-04D2-4C90-871A-BD074BFD7B51}.Debug|Any CPU.ActiveCfg = Debug|Any CPU
		{98E07361-04D2-4C90-871A-BD074BFD7B51}.Debug|Any CPU.Build.0 = Debug|Any CPU
		{98E07361-04D2-4C90-871A-BD074BFD7B51}.Release|Any CPU.ActiveCfg = Release|Any CPU
		{98E07361-04D2-4C90-871A-BD074BFD7B51}.Release|Any CPU.Build.0 = Release|Any CPU
		{A0815C29-EC29-4699-AD72-6E5AC5B63966}.Debug|Any CPU.ActiveCfg = Debug|Any CPU
		{A0815C29-EC29-4699-AD72-6E5AC5B63966}.Debug|Any CPU.Build.0 = Debug|Any CPU
		{A0815C29-EC29-4699-AD72-6E5AC5B63966}.Release|Any CPU.ActiveCfg = Release|Any CPU
		{A0815C29-EC29-4699-AD72-6E5AC5B63966}.Release|Any CPU.Build.0 = Release|Any CPU
		{DF162238-F742-4E5F-90D7-77680943BE38}.Debug|Any CPU.ActiveCfg = Debug|Any CPU
		{DF162238-F742-4E5F-90D7-77680943BE38}.Debug|Any CPU.Build.0 = Debug|Any CPU
		{DF162238-F742-4E5F-90D7-77680943BE38}.Release|Any CPU.ActiveCfg = Release|Any CPU
		{DF162238-F742-4E5F-90D7-77680943BE38}.Release|Any CPU.Build.0 = Release|Any CPU
		{A0F2BF4A-962F-454D-8533-DE4C5D06D43E}.Debug|Any CPU.ActiveCfg = Debug|Any CPU
		{A0F2BF4A-962F-454D-8533-DE4C5D06D43E}.Debug|Any CPU.Build.0 = Debug|Any CPU
		{A0F2BF4A-962F-454D-8533-DE4C5D06D43E}.Release|Any CPU.ActiveCfg = Release|Any CPU
		{A0F2BF4A-962F-454D-8533-DE4C5D06D43E}.Release|Any CPU.Build.0 = Release|Any CPU
		{5FC6A689-8447-49C1-9EED-B5CD01378ABC}.Debug|Any CPU.ActiveCfg = Debug|Any CPU
		{5FC6A689-8447-49C1-9EED-B5CD01378ABC}.Debug|Any CPU.Build.0 = Debug|Any CPU
		{5FC6A689-8447-49C1-9EED-B5CD01378ABC}.Release|Any CPU.ActiveCfg = Release|Any CPU
		{5FC6A689-8447-49C1-9EED-B5CD01378ABC}.Release|Any CPU.Build.0 = Release|Any CPU
		{BAF3C37B-37E6-4E5D-8128-86745FA2C831}.Debug|Any CPU.ActiveCfg = Debug|Any CPU
		{BAF3C37B-37E6-4E5D-8128-86745FA2C831}.Debug|Any CPU.Build.0 = Debug|Any CPU
		{BAF3C37B-37E6-4E5D-8128-86745FA2C831}.Release|Any CPU.ActiveCfg = Release|Any CPU
		{BAF3C37B-37E6-4E5D-8128-86745FA2C831}.Release|Any CPU.Build.0 = Release|Any CPU
		{78054985-9A0F-4925-BBA4-2E6466C459A7}.Debug|Any CPU.ActiveCfg = Debug|Any CPU
		{78054985-9A0F-4925-BBA4-2E6466C459A7}.Debug|Any CPU.Build.0 = Debug|Any CPU
		{78054985-9A0F-4925-BBA4-2E6466C459A7}.Release|Any CPU.ActiveCfg = Release|Any CPU
		{78054985-9A0F-4925-BBA4-2E6466C459A7}.Release|Any CPU.Build.0 = Release|Any CPU
		{F66C9FF7-8584-4BC8-B403-9CC2BF1D7DE0}.Debug|Any CPU.ActiveCfg = Debug|Any CPU
		{F66C9FF7-8584-4BC8-B403-9CC2BF1D7DE0}.Debug|Any CPU.Build.0 = Debug|Any CPU
		{F66C9FF7-8584-4BC8-B403-9CC2BF1D7DE0}.Release|Any CPU.ActiveCfg = Release|Any CPU
		{F66C9FF7-8584-4BC8-B403-9CC2BF1D7DE0}.Release|Any CPU.Build.0 = Release|Any CPU
		{A1A4736A-E17B-4B2F-9A71-14B0FB944F57}.Debug|Any CPU.ActiveCfg = Debug|Any CPU
		{A1A4736A-E17B-4B2F-9A71-14B0FB944F57}.Debug|Any CPU.Build.0 = Debug|Any CPU
		{A1A4736A-E17B-4B2F-9A71-14B0FB944F57}.Release|Any CPU.ActiveCfg = Release|Any CPU
		{A1A4736A-E17B-4B2F-9A71-14B0FB944F57}.Release|Any CPU.Build.0 = Release|Any CPU
		{8234BA9C-47F5-471D-849E-D7FFF0723D70}.Debug|Any CPU.ActiveCfg = Debug|Any CPU
		{8234BA9C-47F5-471D-849E-D7FFF0723D70}.Debug|Any CPU.Build.0 = Debug|Any CPU
		{8234BA9C-47F5-471D-849E-D7FFF0723D70}.Release|Any CPU.ActiveCfg = Release|Any CPU
		{8234BA9C-47F5-471D-849E-D7FFF0723D70}.Release|Any CPU.Build.0 = Release|Any CPU
	EndGlobalSection
EndGlobal
