
Microsoft Visual Studio Solution File, Format Version 12.00
Project("{FAE04EC0-301F-11D3-BF4B-00C04F79EFBC}") = "Day1", "Day1\Day1.csproj", "{C4CB8998-07DC-487F-8657-C6BFDBC474A5}"
EndProject
Project("{FAE04EC0-301F-11D3-BF4B-00C04F79EFBC}") = "Day2", "Day2\Day2.csproj", "{66967F74-0670-4443-A595-45B24E34F942}"
EndProject
Global
	GlobalSection(SolutionConfigurationPlatforms) = preSolution
		Debug|Any CPU = Debug|Any CPU
		Release|Any CPU = Release|Any CPU
	EndGlobalSection
	GlobalSection(ProjectConfigurationPlatforms) = postSolution
		{C4CB8998-07DC-487F-8657-C6BFDBC474A5}.Debug|Any CPU.ActiveCfg = Debug|Any CPU
		{C4CB8998-07DC-487F-8657-C6BFDBC474A5}.Debug|Any CPU.Build.0 = Debug|Any CPU
		{C4CB8998-07DC-487F-8657-C6BFDBC474A5}.Release|Any CPU.ActiveCfg = Release|Any CPU
		{C4CB8998-07DC-487F-8657-C6BFDBC474A5}.Release|Any CPU.Build.0 = Release|Any CPU
		{66967F74-0670-4443-A595-45B24E34F942}.Debug|Any CPU.ActiveCfg = Debug|Any CPU
		{66967F74-0670-4443-A595-45B24E34F942}.Debug|Any CPU.Build.0 = Debug|Any CPU
		{66967F74-0670-4443-A595-45B24E34F942}.Release|Any CPU.ActiveCfg = Release|Any CPU
		{66967F74-0670-4443-A595-45B24E34F942}.Release|Any CPU.Build.0 = Release|Any CPU
	EndGlobalSection
EndGlobal
